
Microsoft Visual Studio Solution File, Format Version 12.00
# Visual Studio Version 17
VisualStudioVersion = 17.9.34511.98
MinimumVisualStudioVersion = 10.0.40219.1
Project("{FAE04EC0-301F-11D3-BF4B-00C04F79EFBC}") = "CityInfo.API", "CityInfo.API\CityInfo.API.csproj", "{509BC18B-A96A-4E07-83FA-42A95C1C8E73}"
EndProject
Global
	GlobalSection(SolutionConfigurationPlatforms) = preSolution
		Debug|Any CPU = Debug|Any CPU
		Release|Any CPU = Release|Any CPU
	EndGlobalSection
	GlobalSection(ProjectConfigurationPlatforms) = postSolution
		{509BC18B-A96A-4E07-83FA-42A95C1C8E73}.Debug|Any CPU.ActiveCfg = Debug|Any CPU
		{509BC18B-A96A-4E07-83FA-42A95C1C8E73}.Debug|Any CPU.Build.0 = Debug|Any CPU
		{509BC18B-A96A-4E07-83FA-42A95C1C8E73}.Release|Any CPU.ActiveCfg = Release|Any CPU
		{509BC18B-A96A-4E07-83FA-42A95C1C8E73}.Release|Any CPU.Build.0 = Release|Any CPU
	EndGlobalSection
	GlobalSection(SolutionProperties) = preSolution
		HideSolutionNode = FALSE
	EndGlobalSection
	GlobalSection(ExtensibilityGlobals) = postSolution
		SolutionGuid = {69A65597-2C06-425E-8C73-6179F6B93E45}
	EndGlobalSection
EndGlobal
